{
  "version": 4,
  "terraform_version": "1.10.5",
  "serial": 1,
  "lineage": "680da6bc-ea28-60b7-d420-1b7a9f8fa9fe",
  "outputs": {},
  "resources": [
    {
      "mode": "managed",
      "type": "spotify_playlist",
      "name": "Bollywood",
      "provider": "provider[\"registry.terraform.io/conradludgate/spotify\"]",
      "instances": [
        {
          "schema_version": 0,
          "attributes": {
            "description": null,
            "id": "4DxTbsQTIYhu9Xu2OTQtGA",
            "name": "Bollywood",
            "public": true,
            "snapshot_id": "AAAAAgSOFJHuZfpAv56tOuw377NxDXFw",
            "tracks": [
              "131yybV7A3TmC34a0qE8u8"
            ]
          },
          "sensitive_attributes": [],
          "private": "bnVsbA=="
        }
      ]
    }
  ],
  "check_results": null
}
